// !$*UTF8*$!
{
	archiveVersion = 1;
	classes = {
	};
	objectVersion = 46;
	objects = {

/* Begin PBXBuildFile section */
		2ED7D601B4BFB9F4677F1386 /* Pods_Footballers.framework in Frameworks */ = {isa = PBXBuildFile; fileRef = 2ADF919B346CB0628D173243 /* Pods_Footballers.framework */; };
		3F154F891D8ABA3100EF70E2 /* CoreData.framework in Frameworks */ = {isa = PBXBuildFile; fileRef = 3F154F881D8ABA3100EF70E2 /* CoreData.framework */; };
		E81059C41D807A6800EE205E /* playerStatCell.swift in Sources */ = {isa = PBXBuildFile; fileRef = E81059C31D807A6800EE205E /* playerStatCell.swift */; };
		E81059D01D80B19800EE205E /* playerSecondCell.swift in Sources */ = {isa = PBXBuildFile; fileRef = E81059CF1D80B19800EE205E /* playerSecondCell.swift */; };
		E8168BFC1E05894500F5BEAA /* navigationBar.swift in Sources */ = {isa = PBXBuildFile; fileRef = E8168BFB1E05894500F5BEAA /* navigationBar.swift */; };
		E8180C431D7CBB2400043884 /* defaultPlayerImage.png in Resources */ = {isa = PBXBuildFile; fileRef = E8180C421D7CBB2400043884 /* defaultPlayerImage.png */; };
		E8188FE41DBD0A0B0044CE74 /* ViewControllerFunctions.swift in Sources */ = {isa = PBXBuildFile; fileRef = E8188FE31DBD0A0B0044CE74 /* ViewControllerFunctions.swift */; };
		E821258E1D78B99E0024D016 /* playerView.swift in Sources */ = {isa = PBXBuildFile; fileRef = E82125891D78B99E0024D016 /* playerView.swift */; };
		E82125901D78B99E0024D016 /* homeView.swift in Sources */ = {isa = PBXBuildFile; fileRef = E821258B1D78B99E0024D016 /* homeView.swift */; };
		E821259C1D78B9B80024D016 /* back.png in Resources */ = {isa = PBXBuildFile; fileRef = E82125931D78B9B80024D016 /* back.png */; };
		E821259F1D78B9B80024D016 /* team.png in Resources */ = {isa = PBXBuildFile; fileRef = E82125961D78B9B80024D016 /* team.png */; };
		E82125A21D78B9B80024D016 /* favouriteButtonEmpty.png in Resources */ = {isa = PBXBuildFile; fileRef = E82125991D78B9B80024D016 /* favouriteButtonEmpty.png */; };
		E82125A31D78B9B80024D016 /* search.png in Resources */ = {isa = PBXBuildFile; fileRef = E821259A1D78B9B80024D016 /* search.png */; };
		E82125A71D78BDBC0024D016 /* Images.xcassets in Resources */ = {isa = PBXBuildFile; fileRef = E82125A61D78BDBC0024D016 /* Images.xcassets */; };
		E82125A91D78BF9A0024D016 /* rankingsView.swift in Sources */ = {isa = PBXBuildFile; fileRef = E82125A81D78BF9A0024D016 /* rankingsView.swift */; };
		E82125AD1D78C24C0024D016 /* favouritesView.swift in Sources */ = {isa = PBXBuildFile; fileRef = E82125AC1D78C24C0024D016 /* favouritesView.swift */; };
		E84A6CA41DE8BEAA00127625 /* tabBarController.swift in Sources */ = {isa = PBXBuildFile; fileRef = E84A6CA31DE8BEAA00127625 /* tabBarController.swift */; };
		E84E1ADD1D7B367A00A0BC48 /* favouriteButtonFull.png in Resources */ = {isa = PBXBuildFile; fileRef = E84E1ADC1D7B367A00A0BC48 /* favouriteButtonFull.png */; };
		E84E1AE31D7B6B5F00A0BC48 /* whiteLine.png in Resources */ = {isa = PBXBuildFile; fileRef = E84E1AE11D7B6B5F00A0BC48 /* whiteLine.png */; };
		E86644D71DE9D7CC00AA86BA /* titleCell.swift in Sources */ = {isa = PBXBuildFile; fileRef = E86644D61DE9D7CC00AA86BA /* titleCell.swift */; };
		E876E9F41E06E0380030661B /* close.png in Resources */ = {isa = PBXBuildFile; fileRef = E876E9F31E06E0380030661B /* close.png */; };
		E87F5AF11D78B82500C10A38 /* AppDelegate.swift in Sources */ = {isa = PBXBuildFile; fileRef = E87F5AF01D78B82500C10A38 /* AppDelegate.swift */; };
		E87F5AF61D78B82500C10A38 /* Main.storyboard in Resources */ = {isa = PBXBuildFile; fileRef = E87F5AF41D78B82500C10A38 /* Main.storyboard */; };
		E87F5AF81D78B82500C10A38 /* Assets.xcassets in Resources */ = {isa = PBXBuildFile; fileRef = E87F5AF71D78B82500C10A38 /* Assets.xcassets */; };
		E87F5AFB1D78B82500C10A38 /* LaunchScreen.storyboard in Resources */ = {isa = PBXBuildFile; fileRef = E87F5AF91D78B82500C10A38 /* LaunchScreen.storyboard */; };
		E87F5B041D78B86400C10A38 /* Player.swift in Sources */ = {isa = PBXBuildFile; fileRef = E87F5B021D78B86400C10A38 /* Player.swift */; };
		E87F5B051D78B86400C10A38 /* Data.swift in Sources */ = {isa = PBXBuildFile; fileRef = E87F5B031D78B86400C10A38 /* Data.swift */; };
		E899B2821E05C0EA0059BCD7 /* config.png in Resources */ = {isa = PBXBuildFile; fileRef = E899B2811E05C0EA0059BCD7 /* config.png */; };
		E8A0CF471DBAC0CE0047C036 /* playerFavouritesDataModel.xcdatamodeld in Sources */ = {isa = PBXBuildFile; fileRef = E8A0CF451DBAC0CE0047C036 /* playerFavouritesDataModel.xcdatamodeld */; };
		E8A0CF4A1DBAC1130047C036 /* PlayerFavouritesData+CoreDataClass.swift in Sources */ = {isa = PBXBuildFile; fileRef = E8A0CF481DBAC1130047C036 /* PlayerFavouritesData+CoreDataClass.swift */; };
		E8A0CF4B1DBAC1130047C036 /* PlayerFavouritesData+CoreDataProperties.swift in Sources */ = {isa = PBXBuildFile; fileRef = E8A0CF491DBAC1130047C036 /* PlayerFavouritesData+CoreDataProperties.swift */; };
		E8BA081B1E07082D00C7290B /* templateViewController.swift in Sources */ = {isa = PBXBuildFile; fileRef = E8BA081A1E07082D00C7290B /* templateViewController.swift */; };
		E8C0FCB71DBBB0D800260964 /* DrawCharts.swift in Sources */ = {isa = PBXBuildFile; fileRef = E8C0FCB61DBBB0D800260964 /* DrawCharts.swift */; };
		E8C713E81D7DF3BF00B717F2 /* playerTopCell.swift in Sources */ = {isa = PBXBuildFile; fileRef = E8C713E71D7DF3BF00B717F2 /* playerTopCell.swift */; };
		E8CDFB371DC6A2C500EFE69B /* playerRatingCell.swift in Sources */ = {isa = PBXBuildFile; fileRef = E8CDFB361DC6A2C500EFE69B /* playerRatingCell.swift */; };
		E8CDFB391DC6B67D00EFE69B /* playerDividerCell.swift in Sources */ = {isa = PBXBuildFile; fileRef = E8CDFB381DC6B67D00EFE69B /* playerDividerCell.swift */; };
		E8DE7BB71DBA81960031D83D /* rankingTableCell.swift in Sources */ = {isa = PBXBuildFile; fileRef = E8DE7BB61DBA81960031D83D /* rankingTableCell.swift */; };
		E8EDCA671DC57353003C7F0A /* Favourites.swift in Sources */ = {isa = PBXBuildFile; fileRef = E8EDCA661DC57353003C7F0A /* Favourites.swift */; };
/* End PBXBuildFile section */

/* Begin PBXFileReference section */
		2ADF919B346CB0628D173243 /* Pods_Footballers.framework */ = {isa = PBXFileReference; explicitFileType = wrapper.framework; includeInIndex = 0; path = Pods_Footballers.framework; sourceTree = BUILT_PRODUCTS_DIR; };
		3F154F881D8ABA3100EF70E2 /* CoreData.framework */ = {isa = PBXFileReference; lastKnownFileType = wrapper.framework; name = CoreData.framework; path = System/Library/Frameworks/CoreData.framework; sourceTree = SDKROOT; };
		44D20C8AB5A64F8CED142D4B /* Pods-Footballers.debug.xcconfig */ = {isa = PBXFileReference; includeInIndex = 1; lastKnownFileType = text.xcconfig; name = "Pods-Footballers.debug.xcconfig"; path = "Pods/Target Support Files/Pods-Footballers/Pods-Footballers.debug.xcconfig"; sourceTree = "<group>"; };
		459A20C510435B97C61922BD /* Pods-Footballers.release.xcconfig */ = {isa = PBXFileReference; includeInIndex = 1; lastKnownFileType = text.xcconfig; name = "Pods-Footballers.release.xcconfig"; path = "Pods/Target Support Files/Pods-Footballers/Pods-Footballers.release.xcconfig"; sourceTree = "<group>"; };
		E81059C31D807A6800EE205E /* playerStatCell.swift */ = {isa = PBXFileReference; fileEncoding = 4; lastKnownFileType = sourcecode.swift; path = playerStatCell.swift; sourceTree = "<group>"; };
		E81059CF1D80B19800EE205E /* playerSecondCell.swift */ = {isa = PBXFileReference; fileEncoding = 4; lastKnownFileType = sourcecode.swift; path = playerSecondCell.swift; sourceTree = "<group>"; };
		E8168BFB1E05894500F5BEAA /* navigationBar.swift */ = {isa = PBXFileReference; fileEncoding = 4; lastKnownFileType = sourcecode.swift; name = navigationBar.swift; path = Footballers/navigationBar.swift; sourceTree = "<group>"; };
		E8180C421D7CBB2400043884 /* defaultPlayerImage.png */ = {isa = PBXFileReference; lastKnownFileType = image.png; path = defaultPlayerImage.png; sourceTree = "<group>"; };
		E8188FE31DBD0A0B0044CE74 /* ViewControllerFunctions.swift */ = {isa = PBXFileReference; fileEncoding = 4; lastKnownFileType = sourcecode.swift; path = ViewControllerFunctions.swift; sourceTree = "<group>"; };
		E82125891D78B99E0024D016 /* playerView.swift */ = {isa = PBXFileReference; fileEncoding = 4; lastKnownFileType = sourcecode.swift; path = playerView.swift; sourceTree = "<group>"; };
		E821258B1D78B99E0024D016 /* homeView.swift */ = {isa = PBXFileReference; fileEncoding = 4; lastKnownFileType = sourcecode.swift; path = homeView.swift; sourceTree = "<group>"; };
		E82125931D78B9B80024D016 /* back.png */ = {isa = PBXFileReference; lastKnownFileType = image.png; path = back.png; sourceTree = "<group>"; };
		E82125961D78B9B80024D016 /* team.png */ = {isa = PBXFileReference; lastKnownFileType = image.png; path = team.png; sourceTree = "<group>"; };
		E82125991D78B9B80024D016 /* favouriteButtonEmpty.png */ = {isa = PBXFileReference; lastKnownFileType = image.png; path = favouriteButtonEmpty.png; sourceTree = "<group>"; };
		E821259A1D78B9B80024D016 /* search.png */ = {isa = PBXFileReference; lastKnownFileType = image.png; path = search.png; sourceTree = "<group>"; };
		E82125A61D78BDBC0024D016 /* Images.xcassets */ = {isa = PBXFileReference; lastKnownFileType = folder.assetcatalog; path = Images.xcassets; sourceTree = "<group>"; };
		E82125A81D78BF9A0024D016 /* rankingsView.swift */ = {isa = PBXFileReference; fileEncoding = 4; lastKnownFileType = sourcecode.swift; path = rankingsView.swift; sourceTree = "<group>"; };
		E82125AC1D78C24C0024D016 /* favouritesView.swift */ = {isa = PBXFileReference; fileEncoding = 4; lastKnownFileType = sourcecode.swift; path = favouritesView.swift; sourceTree = "<group>"; };
		E84A6CA31DE8BEAA00127625 /* tabBarController.swift */ = {isa = PBXFileReference; fileEncoding = 4; lastKnownFileType = sourcecode.swift; path = tabBarController.swift; sourceTree = "<group>"; };
		E84E1ADC1D7B367A00A0BC48 /* favouriteButtonFull.png */ = {isa = PBXFileReference; lastKnownFileType = image.png; path = favouriteButtonFull.png; sourceTree = "<group>"; };
		E84E1AE11D7B6B5F00A0BC48 /* whiteLine.png */ = {isa = PBXFileReference; lastKnownFileType = image.png; path = whiteLine.png; sourceTree = "<group>"; };
		E86644D61DE9D7CC00AA86BA /* titleCell.swift */ = {isa = PBXFileReference; fileEncoding = 4; lastKnownFileType = sourcecode.swift; path = titleCell.swift; sourceTree = "<group>"; };
		E876E9F31E06E0380030661B /* close.png */ = {isa = PBXFileReference; lastKnownFileType = image.png; path = close.png; sourceTree = "<group>"; };
		E87F5AED1D78B82500C10A38 /* Footballers.app */ = {isa = PBXFileReference; explicitFileType = wrapper.application; includeInIndex = 0; path = Footballers.app; sourceTree = BUILT_PRODUCTS_DIR; };
		E87F5AF01D78B82500C10A38 /* AppDelegate.swift */ = {isa = PBXFileReference; lastKnownFileType = sourcecode.swift; path = AppDelegate.swift; sourceTree = "<group>"; };
		E87F5AF51D78B82500C10A38 /* Base */ = {isa = PBXFileReference; lastKnownFileType = file.storyboard; name = Base; path = Base.lproj/Main.storyboard; sourceTree = "<group>"; };
		E87F5AF71D78B82500C10A38 /* Assets.xcassets */ = {isa = PBXFileReference; lastKnownFileType = folder.assetcatalog; path = Assets.xcassets; sourceTree = "<group>"; };
		E87F5AFA1D78B82500C10A38 /* Base */ = {isa = PBXFileReference; lastKnownFileType = file.storyboard; name = Base; path = Base.lproj/LaunchScreen.storyboard; sourceTree = "<group>"; };
		E87F5AFC1D78B82500C10A38 /* Info.plist */ = {isa = PBXFileReference; lastKnownFileType = text.plist.xml; path = Info.plist; sourceTree = "<group>"; };
		E87F5B021D78B86400C10A38 /* Player.swift */ = {isa = PBXFileReference; fileEncoding = 4; lastKnownFileType = sourcecode.swift; path = Player.swift; sourceTree = "<group>"; };
		E87F5B031D78B86400C10A38 /* Data.swift */ = {isa = PBXFileReference; fileEncoding = 4; lastKnownFileType = sourcecode.swift; path = Data.swift; sourceTree = "<group>"; };
		E899B2811E05C0EA0059BCD7 /* config.png */ = {isa = PBXFileReference; lastKnownFileType = image.png; path = config.png; sourceTree = "<group>"; };
		E8A0CF461DBAC0CE0047C036 /* playerFavouritesDataModel.xcdatamodel */ = {isa = PBXFileReference; lastKnownFileType = wrapper.xcdatamodel; path = playerFavouritesDataModel.xcdatamodel; sourceTree = "<group>"; };
		E8A0CF481DBAC1130047C036 /* PlayerFavouritesData+CoreDataClass.swift */ = {isa = PBXFileReference; fileEncoding = 4; lastKnownFileType = sourcecode.swift; path = "PlayerFavouritesData+CoreDataClass.swift"; sourceTree = "<group>"; };
		E8A0CF491DBAC1130047C036 /* PlayerFavouritesData+CoreDataProperties.swift */ = {isa = PBXFileReference; fileEncoding = 4; lastKnownFileType = sourcecode.swift; path = "PlayerFavouritesData+CoreDataProperties.swift"; sourceTree = "<group>"; };
		E8BA081A1E07082D00C7290B /* templateViewController.swift */ = {isa = PBXFileReference; fileEncoding = 4; lastKnownFileType = sourcecode.swift; path = templateViewController.swift; sourceTree = "<group>"; };
		E8C0FCB61DBBB0D800260964 /* DrawCharts.swift */ = {isa = PBXFileReference; fileEncoding = 4; lastKnownFileType = sourcecode.swift; path = DrawCharts.swift; sourceTree = "<group>"; };
		E8C713E71D7DF3BF00B717F2 /* playerTopCell.swift */ = {isa = PBXFileReference; fileEncoding = 4; lastKnownFileType = sourcecode.swift; path = playerTopCell.swift; sourceTree = "<group>"; };
		E8CDFB361DC6A2C500EFE69B /* playerRatingCell.swift */ = {isa = PBXFileReference; fileEncoding = 4; lastKnownFileType = sourcecode.swift; path = playerRatingCell.swift; sourceTree = "<group>"; };
		E8CDFB381DC6B67D00EFE69B /* playerDividerCell.swift */ = {isa = PBXFileReference; fileEncoding = 4; lastKnownFileType = sourcecode.swift; path = playerDividerCell.swift; sourceTree = "<group>"; };
		E8DE7BB61DBA81960031D83D /* rankingTableCell.swift */ = {isa = PBXFileReference; fileEncoding = 4; lastKnownFileType = sourcecode.swift; path = rankingTableCell.swift; sourceTree = "<group>"; };
		E8EDCA661DC57353003C7F0A /* Favourites.swift */ = {isa = PBXFileReference; fileEncoding = 4; lastKnownFileType = sourcecode.swift; path = Favourites.swift; sourceTree = "<group>"; };
/* End PBXFileReference section */

/* Begin PBXFrameworksBuildPhase section */
		E87F5AEA1D78B82500C10A38 /* Frameworks */ = {
			isa = PBXFrameworksBuildPhase;
			buildActionMask = 2147483647;
			files = (
				3F154F891D8ABA3100EF70E2 /* CoreData.framework in Frameworks */,
				2ED7D601B4BFB9F4677F1386 /* Pods_Footballers.framework in Frameworks */,
			);
			runOnlyForDeploymentPostprocessing = 0;
		};
/* End PBXFrameworksBuildPhase section */

/* Begin PBXGroup section */
		91B8F189B9FCF175F4CA6E8F /* Pods */ = {
			isa = PBXGroup;
			children = (
				44D20C8AB5A64F8CED142D4B /* Pods-Footballers.debug.xcconfig */,
				459A20C510435B97C61922BD /* Pods-Footballers.release.xcconfig */,
			);
			name = Pods;
			sourceTree = "<group>";
		};
		E87F5AE41D78B82500C10A38 = {
			isa = PBXGroup;
			children = (
				E8188FE31DBD0A0B0044CE74 /* ViewControllerFunctions.swift */,
				E8C0FCB61DBBB0D800260964 /* DrawCharts.swift */,
				E87F5B031D78B86400C10A38 /* Data.swift */,
				E87F5B021D78B86400C10A38 /* Player.swift */,
				E8EDCA661DC57353003C7F0A /* Favourites.swift */,
				E8168BFB1E05894500F5BEAA /* navigationBar.swift */,
				E87F5AEF1D78B82500C10A38 /* Footballers */,
				E87F5AEE1D78B82500C10A38 /* Products */,
				91B8F189B9FCF175F4CA6E8F /* Pods */,
				F9DD665714D31AB559346A0F /* Frameworks */,
			);
			sourceTree = "<group>";
		};
		E87F5AEE1D78B82500C10A38 /* Products */ = {
			isa = PBXGroup;
			children = (
				E87F5AED1D78B82500C10A38 /* Footballers.app */,
			);
			name = Products;
			sourceTree = "<group>";
		};
		E87F5AEF1D78B82500C10A38 /* Footballers */ = {
			isa = PBXGroup;
			children = (
				E8A0CF481DBAC1130047C036 /* PlayerFavouritesData+CoreDataClass.swift */,
				E8A0CF491DBAC1130047C036 /* PlayerFavouritesData+CoreDataProperties.swift */,
				E8A0CF451DBAC0CE0047C036 /* playerFavouritesDataModel.xcdatamodeld */,
				E87F5AF01D78B82500C10A38 /* AppDelegate.swift */,
				E84A6CA31DE8BEAA00127625 /* tabBarController.swift */,
				E8BA081A1E07082D00C7290B /* templateViewController.swift */,
				E821258B1D78B99E0024D016 /* homeView.swift */,
				E82125A81D78BF9A0024D016 /* rankingsView.swift */,
				E82125AC1D78C24C0024D016 /* favouritesView.swift */,
				E82125891D78B99E0024D016 /* playerView.swift */,
				E8C713E71D7DF3BF00B717F2 /* playerTopCell.swift */,
				E81059CF1D80B19800EE205E /* playerSecondCell.swift */,
				E81059C31D807A6800EE205E /* playerStatCell.swift */,
				E8CDFB361DC6A2C500EFE69B /* playerRatingCell.swift */,
				E8CDFB381DC6B67D00EFE69B /* playerDividerCell.swift */,
				E8DE7BB61DBA81960031D83D /* rankingTableCell.swift */,
				E86644D61DE9D7CC00AA86BA /* titleCell.swift */,
				E87F5AF41D78B82500C10A38 /* Main.storyboard */,
				E87F5AF91D78B82500C10A38 /* LaunchScreen.storyboard */,
				E87F5AFC1D78B82500C10A38 /* Info.plist */,
				E82125931D78B9B80024D016 /* back.png */,
				E876E9F31E06E0380030661B /* close.png */,
				E899B2811E05C0EA0059BCD7 /* config.png */,
				E8180C421D7CBB2400043884 /* defaultPlayerImage.png */,
				E82125991D78B9B80024D016 /* favouriteButtonEmpty.png */,
				E84E1ADC1D7B367A00A0BC48 /* favouriteButtonFull.png */,
				E821259A1D78B9B80024D016 /* search.png */,
				E82125961D78B9B80024D016 /* team.png */,
				E84E1AE11D7B6B5F00A0BC48 /* whiteLine.png */,
				E87F5AF71D78B82500C10A38 /* Assets.xcassets */,
				E82125A61D78BDBC0024D016 /* Images.xcassets */,
			);
			path = Footballers;
			sourceTree = "<group>";
		};
		F9DD665714D31AB559346A0F /* Frameworks */ = {
			isa = PBXGroup;
			children = (
				3F154F881D8ABA3100EF70E2 /* CoreData.framework */,
				2ADF919B346CB0628D173243 /* Pods_Footballers.framework */,
			);
			name = Frameworks;
			sourceTree = "<group>";
		};
/* End PBXGroup section */

/* Begin PBXNativeTarget section */
		E87F5AEC1D78B82500C10A38 /* Footballers */ = {
			isa = PBXNativeTarget;
			buildConfigurationList = E87F5AFF1D78B82500C10A38 /* Build configuration list for PBXNativeTarget "Footballers" */;
			buildPhases = (
				7F62361D4FB73823EBB8F559 /* [CP] Check Pods Manifest.lock */,
				E87F5AE91D78B82500C10A38 /* Sources */,
				E87F5AEA1D78B82500C10A38 /* Frameworks */,
				E87F5AEB1D78B82500C10A38 /* Resources */,
				C0D79B0C68A9B4AB45A8C96B /* [CP] Embed Pods Frameworks */,
				49C9DF6935B54CC8FE862E86 /* [CP] Copy Pods Resources */,
			);
			buildRules = (
			);
			dependencies = (
			);
			name = Footballers;
			productName = Footballers;
			productReference = E87F5AED1D78B82500C10A38 /* Footballers.app */;
			productType = "com.apple.product-type.application";
		};
/* End PBXNativeTarget section */

/* Begin PBXProject section */
		E87F5AE51D78B82500C10A38 /* Project object */ = {
			isa = PBXProject;
			attributes = {
				LastSwiftUpdateCheck = 0730;
				LastUpgradeCheck = 0800;
				ORGANIZATIONNAME = jp;
				TargetAttributes = {
					E87F5AEC1D78B82500C10A38 = {
						CreatedOnToolsVersion = 7.3.1;
						DevelopmentTeam = R7KQE45QY7;
						LastSwiftMigration = 0800;
					};
				};
			};
			buildConfigurationList = E87F5AE81D78B82500C10A38 /* Build configuration list for PBXProject "Footballers" */;
			compatibilityVersion = "Xcode 3.2";
			developmentRegion = English;
			hasScannedForEncodings = 0;
			knownRegions = (
				en,
				Base,
			);
			mainGroup = E87F5AE41D78B82500C10A38;
			productRefGroup = E87F5AEE1D78B82500C10A38 /* Products */;
			projectDirPath = "";
			projectRoot = "";
			targets = (
				E87F5AEC1D78B82500C10A38 /* Footballers */,
			);
		};
/* End PBXProject section */

/* Begin PBXResourcesBuildPhase section */
		E87F5AEB1D78B82500C10A38 /* Resources */ = {
			isa = PBXResourcesBuildPhase;
			buildActionMask = 2147483647;
			files = (
				E87F5AFB1D78B82500C10A38 /* LaunchScreen.storyboard in Resources */,
				E821259F1D78B9B80024D016 /* team.png in Resources */,
				E8180C431D7CBB2400043884 /* defaultPlayerImage.png in Resources */,
				E82125A71D78BDBC0024D016 /* Images.xcassets in Resources */,
				E87F5AF81D78B82500C10A38 /* Assets.xcassets in Resources */,
				E82125A21D78B9B80024D016 /* favouriteButtonEmpty.png in Resources */,
				E876E9F41E06E0380030661B /* close.png in Resources */,
				E82125A31D78B9B80024D016 /* search.png in Resources */,
				E84E1ADD1D7B367A00A0BC48 /* favouriteButtonFull.png in Resources */,
				E821259C1D78B9B80024D016 /* back.png in Resources */,
				E84E1AE31D7B6B5F00A0BC48 /* whiteLine.png in Resources */,
				E87F5AF61D78B82500C10A38 /* Main.storyboard in Resources */,
				E899B2821E05C0EA0059BCD7 /* config.png in Resources */,
			);
			runOnlyForDeploymentPostprocessing = 0;
		};
/* End PBXResourcesBuildPhase section */

/* Begin PBXShellScriptBuildPhase section */
		49C9DF6935B54CC8FE862E86 /* [CP] Copy Pods Resources */ = {
			isa = PBXShellScriptBuildPhase;
			buildActionMask = 2147483647;
			files = (
			);
			inputPaths = (
			);
			name = "[CP] Copy Pods Resources";
			outputPaths = (
			);
			runOnlyForDeploymentPostprocessing = 0;
			shellPath = /bin/sh;
			shellScript = "\"${SRCROOT}/Pods/Target Support Files/Pods-Footballers/Pods-Footballers-resources.sh\"\n";
			showEnvVarsInLog = 0;
		};
		7F62361D4FB73823EBB8F559 /* [CP] Check Pods Manifest.lock */ = {
			isa = PBXShellScriptBuildPhase;
			buildActionMask = 2147483647;
			files = (
			);
			inputPaths = (
			);
			name = "[CP] Check Pods Manifest.lock";
			outputPaths = (
			);
			runOnlyForDeploymentPostprocessing = 0;
			shellPath = /bin/sh;
			shellScript = "diff \"${PODS_ROOT}/../Podfile.lock\" \"${PODS_ROOT}/Manifest.lock\" > /dev/null\nif [[ $? != 0 ]] ; then\n    cat << EOM\nerror: The sandbox is not in sync with the Podfile.lock. Run 'pod install' or update your CocoaPods installation.\nEOM\n    exit 1\nfi\n";
			showEnvVarsInLog = 0;
		};
		C0D79B0C68A9B4AB45A8C96B /* [CP] Embed Pods Frameworks */ = {
			isa = PBXShellScriptBuildPhase;
			buildActionMask = 2147483647;
			files = (
			);
			inputPaths = (
			);
			name = "[CP] Embed Pods Frameworks";
			outputPaths = (
			);
			runOnlyForDeploymentPostprocessing = 0;
			shellPath = /bin/sh;
			shellScript = "\"${SRCROOT}/Pods/Target Support Files/Pods-Footballers/Pods-Footballers-frameworks.sh\"\n";
			showEnvVarsInLog = 0;
		};
/* End PBXShellScriptBuildPhase section */

/* Begin PBXSourcesBuildPhase section */
		E87F5AE91D78B82500C10A38 /* Sources */ = {
			isa = PBXSourcesBuildPhase;
			buildActionMask = 2147483647;
			files = (
				E8A0CF4A1DBAC1130047C036 /* PlayerFavouritesData+CoreDataClass.swift in Sources */,
				E8C713E81D7DF3BF00B717F2 /* playerTopCell.swift in Sources */,
				E84A6CA41DE8BEAA00127625 /* tabBarController.swift in Sources */,
				E8DE7BB71DBA81960031D83D /* rankingTableCell.swift in Sources */,
				E82125901D78B99E0024D016 /* homeView.swift in Sources */,
				E8C0FCB71DBBB0D800260964 /* DrawCharts.swift in Sources */,
				E8A0CF471DBAC0CE0047C036 /* playerFavouritesDataModel.xcdatamodeld in Sources */,
				E8A0CF4B1DBAC1130047C036 /* PlayerFavouritesData+CoreDataProperties.swift in Sources */,
				E81059C41D807A6800EE205E /* playerStatCell.swift in Sources */,
				E821258E1D78B99E0024D016 /* playerView.swift in Sources */,
				E87F5B041D78B86400C10A38 /* Player.swift in Sources */,
				E8CDFB371DC6A2C500EFE69B /* playerRatingCell.swift in Sources */,
				E8168BFC1E05894500F5BEAA /* navigationBar.swift in Sources */,
				E81059D01D80B19800EE205E /* playerSecondCell.swift in Sources */,
				E8CDFB391DC6B67D00EFE69B /* playerDividerCell.swift in Sources */,
				E86644D71DE9D7CC00AA86BA /* titleCell.swift in Sources */,
				E87F5AF11D78B82500C10A38 /* AppDelegate.swift in Sources */,
				E8EDCA671DC57353003C7F0A /* Favourites.swift in Sources */,
				E87F5B051D78B86400C10A38 /* Data.swift in Sources */,
				E82125A91D78BF9A0024D016 /* rankingsView.swift in Sources */,
				E82125AD1D78C24C0024D016 /* favouritesView.swift in Sources */,
				E8BA081B1E07082D00C7290B /* templateViewController.swift in Sources */,
				E8188FE41DBD0A0B0044CE74 /* ViewControllerFunctions.swift in Sources */,
			);
			runOnlyForDeploymentPostprocessing = 0;
		};
/* End PBXSourcesBuildPhase section */

/* Begin PBXVariantGroup section */
		E87F5AF41D78B82500C10A38 /* Main.storyboard */ = {
			isa = PBXVariantGroup;
			children = (
				E87F5AF51D78B82500C10A38 /* Base */,
			);
			name = Main.storyboard;
			sourceTree = "<group>";
		};
		E87F5AF91D78B82500C10A38 /* LaunchScreen.storyboard */ = {
			isa = PBXVariantGroup;
			children = (
				E87F5AFA1D78B82500C10A38 /* Base */,
			);
			name = LaunchScreen.storyboard;
			sourceTree = "<group>";
		};
/* End PBXVariantGroup section */

/* Begin XCBuildConfiguration section */
		E87F5AFD1D78B82500C10A38 /* Debug */ = {
			isa = XCBuildConfiguration;
			buildSettings = {
				ALWAYS_SEARCH_USER_PATHS = NO;
				CLANG_ANALYZER_NONNULL = YES;
				CLANG_CXX_LANGUAGE_STANDARD = "gnu++0x";
				CLANG_CXX_LIBRARY = "libc++";
				CLANG_ENABLE_MODULES = YES;
				CLANG_ENABLE_OBJC_ARC = YES;
				CLANG_WARN_BOOL_CONVERSION = YES;
				CLANG_WARN_CONSTANT_CONVERSION = YES;
				CLANG_WARN_DIRECT_OBJC_ISA_USAGE = YES_ERROR;
				CLANG_WARN_EMPTY_BODY = YES;
				CLANG_WARN_ENUM_CONVERSION = YES;
				CLANG_WARN_INFINITE_RECURSION = YES;
				CLANG_WARN_INT_CONVERSION = YES;
				CLANG_WARN_OBJC_ROOT_CLASS = YES_ERROR;
				CLANG_WARN_SUSPICIOUS_MOVE = YES;
				CLANG_WARN_UNREACHABLE_CODE = YES;
				CLANG_WARN__DUPLICATE_METHOD_MATCH = YES;
				"CODE_SIGN_IDENTITY[sdk=iphoneos*]" = "iPhone Developer";
				COPY_PHASE_STRIP = NO;
				DEBUG_INFORMATION_FORMAT = dwarf;
				ENABLE_STRICT_OBJC_MSGSEND = YES;
				ENABLE_TESTABILITY = YES;
				GCC_C_LANGUAGE_STANDARD = gnu99;
				GCC_DYNAMIC_NO_PIC = NO;
				GCC_NO_COMMON_BLOCKS = YES;
				GCC_OPTIMIZATION_LEVEL = 0;
				GCC_PREPROCESSOR_DEFINITIONS = (
					"DEBUG=1",
					"$(inherited)",
				);
				GCC_WARN_64_TO_32_BIT_CONVERSION = YES;
				GCC_WARN_ABOUT_RETURN_TYPE = YES_ERROR;
				GCC_WARN_UNDECLARED_SELECTOR = YES;
				GCC_WARN_UNINITIALIZED_AUTOS = YES_AGGRESSIVE;
				GCC_WARN_UNUSED_FUNCTION = YES;
				GCC_WARN_UNUSED_VARIABLE = YES;
				IPHONEOS_DEPLOYMENT_TARGET = 10.0;
				MTL_ENABLE_DEBUG_INFO = YES;
				ONLY_ACTIVE_ARCH = YES;
				SDKROOT = iphoneos;
				SWIFT_OPTIMIZATION_LEVEL = "-Onone";
			};
			name = Debug;
		};
		E87F5AFE1D78B82500C10A38 /* Release */ = {
			isa = XCBuildConfiguration;
			buildSettings = {
				ALWAYS_SEARCH_USER_PATHS = NO;
				CLANG_ANALYZER_NONNULL = YES;
				CLANG_CXX_LANGUAGE_STANDARD = "gnu++0x";
				CLANG_CXX_LIBRARY = "libc++";
				CLANG_ENABLE_MODULES = YES;
				CLANG_ENABLE_OBJC_ARC = YES;
				CLANG_WARN_BOOL_CONVERSION = YES;
				CLANG_WARN_CONSTANT_CONVERSION = YES;
				CLANG_WARN_DIRECT_OBJC_ISA_USAGE = YES_ERROR;
				CLANG_WARN_EMPTY_BODY = YES;
				CLANG_WARN_ENUM_CONVERSION = YES;
				CLANG_WARN_INFINITE_RECURSION = YES;
				CLANG_WARN_INT_CONVERSION = YES;
				CLANG_WARN_OBJC_ROOT_CLASS = YES_ERROR;
				CLANG_WARN_SUSPICIOUS_MOVE = YES;
				CLANG_WARN_UNREACHABLE_CODE = YES;
				CLANG_WARN__DUPLICATE_METHOD_MATCH = YES;
				"CODE_SIGN_IDENTITY[sdk=iphoneos*]" = "iPhone Developer";
				COPY_PHASE_STRIP = NO;
				DEBUG_INFORMATION_FORMAT = "dwarf-with-dsym";
				ENABLE_NS_ASSERTIONS = NO;
				ENABLE_STRICT_OBJC_MSGSEND = YES;
				GCC_C_LANGUAGE_STANDARD = gnu99;
				GCC_NO_COMMON_BLOCKS = YES;
				GCC_WARN_64_TO_32_BIT_CONVERSION = YES;
				GCC_WARN_ABOUT_RETURN_TYPE = YES_ERROR;
				GCC_WARN_UNDECLARED_SELECTOR = YES;
				GCC_WARN_UNINITIALIZED_AUTOS = YES_AGGRESSIVE;
				GCC_WARN_UNUSED_FUNCTION = YES;
				GCC_WARN_UNUSED_VARIABLE = YES;
				IPHONEOS_DEPLOYMENT_TARGET = 10.0;
				MTL_ENABLE_DEBUG_INFO = NO;
				SDKROOT = iphoneos;
				SWIFT_OPTIMIZATION_LEVEL = "-Owholemodule";
				VALIDATE_PRODUCT = YES;
			};
			name = Release;
		};
		E87F5B001D78B82500C10A38 /* Debug */ = {
			isa = XCBuildConfiguration;
			baseConfigurationReference = 44D20C8AB5A64F8CED142D4B /* Pods-Footballers.debug.xcconfig */;
			buildSettings = {
				ALWAYS_EMBED_SWIFT_STANDARD_LIBRARIES = YES;
				ASSETCATALOG_COMPILER_APPICON_NAME = AppIcon;
				ASSETCATALOG_COMPILER_LAUNCHIMAGE_NAME = LaunchImage;
				CODE_SIGN_IDENTITY = "iPhone Developer";
				"CODE_SIGN_IDENTITY[sdk=iphoneos*]" = "iPhone Developer";
				INFOPLIST_FILE = Footballers/Info.plist;
				LD_RUNPATH_SEARCH_PATHS = "$(inherited) @executable_path/Frameworks";
				PRODUCT_BUNDLE_IDENTIFIER = com.jp.Footballers;
				PRODUCT_NAME = "$(TARGET_NAME)";
				PROVISIONING_PROFILE = "";
				SWIFT_VERSION = 3.0;
			};
			name = Debug;
		};
		E87F5B011D78B82500C10A38 /* Release */ = {
			isa = XCBuildConfiguration;
			baseConfigurationReference = 459A20C510435B97C61922BD /* Pods-Footballers.release.xcconfig */;
			buildSettings = {
				ALWAYS_EMBED_SWIFT_STANDARD_LIBRARIES = YES;
				ASSETCATALOG_COMPILER_APPICON_NAME = AppIcon;
				ASSETCATALOG_COMPILER_LAUNCHIMAGE_NAME = LaunchImage;
				CODE_SIGN_IDENTITY = "iPhone Developer";
				"CODE_SIGN_IDENTITY[sdk=iphoneos*]" = "iPhone Developer";
				INFOPLIST_FILE = Footballers/Info.plist;
				LD_RUNPATH_SEARCH_PATHS = "$(inherited) @executable_path/Frameworks";
				PRODUCT_BUNDLE_IDENTIFIER = com.jp.Footballers;
				PRODUCT_NAME = "$(TARGET_NAME)";
				PROVISIONING_PROFILE = "";
				SWIFT_VERSION = 3.0;
			};
			name = Release;
		};
/* End XCBuildConfiguration section */

/* Begin XCConfigurationList section */
		E87F5AE81D78B82500C10A38 /* Build configuration list for PBXProject "Footballers" */ = {
			isa = XCConfigurationList;
			buildConfigurations = (
				E87F5AFD1D78B82500C10A38 /* Debug */,
				E87F5AFE1D78B82500C10A38 /* Release */,
			);
			defaultConfigurationIsVisible = 0;
			defaultConfigurationName = Release;
		};
		E87F5AFF1D78B82500C10A38 /* Build configuration list for PBXNativeTarget "Footballers" */ = {
			isa = XCConfigurationList;
			buildConfigurations = (
				E87F5B001D78B82500C10A38 /* Debug */,
				E87F5B011D78B82500C10A38 /* Release */,
			);
			defaultConfigurationIsVisible = 0;
			defaultConfigurationName = Release;
		};
/* End XCConfigurationList section */

/* Begin XCVersionGroup section */
		E8A0CF451DBAC0CE0047C036 /* playerFavouritesDataModel.xcdatamodeld */ = {
			isa = XCVersionGroup;
			children = (
				E8A0CF461DBAC0CE0047C036 /* playerFavouritesDataModel.xcdatamodel */,
			);
			currentVersion = E8A0CF461DBAC0CE0047C036 /* playerFavouritesDataModel.xcdatamodel */;
			path = playerFavouritesDataModel.xcdatamodeld;
			sourceTree = "<group>";
			versionGroupType = wrapper.xcdatamodel;
		};
/* End XCVersionGroup section */
	};
	rootObject = E87F5AE51D78B82500C10A38 /* Project object */;
}
